{
  "originHash" : "f94dde49d94c09400cb72a6f622ade389fb6530c7e8672198e9049252cdf0bb9",
  "pins" : [
    {
      "identity" : "kingfisher",
      "kind" : "remoteSourceControl",
      "location" : "https://github.com/onevcat/Kingfisher.git",
      "state" : {
        "revision" : "2ef543ee21d63734e1c004ad6c870255e8716c50",
        "version" : "7.12.0"
      }
    },
    {
      "identity" : "navigationsearchbar",
      "kind" : "remoteSourceControl",
      "location" : "https://github.com/markvanwijnen/NavigationSearchBar.git",
      "state" : {
        "revision" : "3404a8d18b3a73d56f59036d8af0b3c55d860c63",
        "version" : "1.3.0"
      }
    }
  ],
  "version" : 3
}
